// !$*UTF8*$!
{
	archiveVersion = 1;
	classes = {
	};
	objectVersion = 50;
	objects = {

/* Begin PBXBuildFile section */
		CB93491724B5D69F009A9521 /* AppDelegate.swift in Sources */ = {isa = PBXBuildFile; fileRef = CB93491624B5D69F009A9521 /* AppDelegate.swift */; };
		CB93491924B5D69F009A9521 /* SceneDelegate.swift in Sources */ = {isa = PBXBuildFile; fileRef = CB93491824B5D69F009A9521 /* SceneDelegate.swift */; };
		CB93491B24B5D69F009A9521 /* ViewController.swift in Sources */ = {isa = PBXBuildFile; fileRef = CB93491A24B5D69F009A9521 /* ViewController.swift */; };
		CB93491E24B5D69F009A9521 /* Main.storyboard in Resources */ = {isa = PBXBuildFile; fileRef = CB93491C24B5D69F009A9521 /* Main.storyboard */; };
		CB93492024B5D6A1009A9521 /* Assets.xcassets in Resources */ = {isa = PBXBuildFile; fileRef = CB93491F24B5D6A1009A9521 /* Assets.xcassets */; };
		CB93492324B5D6A1009A9521 /* LaunchScreen.storyboard in Resources */ = {isa = PBXBuildFile; fileRef = CB93492124B5D6A1009A9521 /* LaunchScreen.storyboard */; };
		CB93492B24B5D6B7009A9521 /* Greatview.swift in Sources */ = {isa = PBXBuildFile; fileRef = CB93492A24B5D6B7009A9521 /* Greatview.swift */; };
/* End PBXBuildFile section */

/* Begin PBXFileReference section */
		CB93491324B5D69F009A9521 /* Greatview.app */ = {isa = PBXFileReference; explicitFileType = wrapper.application; includeInIndex = 0; path = Greatview.app; sourceTree = BUILT_PRODUCTS_DIR; };
		CB93491624B5D69F009A9521 /* AppDelegate.swift */ = {isa = PBXFileReference; lastKnownFileType = sourcecode.swift; path = AppDelegate.swift; sourceTree = "<group>"; };
		CB93491824B5D69F009A9521 /* SceneDelegate.swift */ = {isa = PBXFileReference; lastKnownFileType = sourcecode.swift; path = SceneDelegate.swift; sourceTree = "<group>"; };
		CB93491A24B5D69F009A9521 /* ViewController.swift */ = {isa = PBXFileReference; lastKnownFileType = sourcecode.swift; path = ViewController.swift; sourceTree = "<group>"; };
		CB93491D24B5D69F009A9521 /* Base */ = {isa = PBXFileReference; lastKnownFileType = file.storyboard; name = Base; path = Base.lproj/Main.storyboard; sourceTree = "<group>"; };
		CB93491F24B5D6A1009A9521 /* Assets.xcassets */ = {isa = PBXFileReference; lastKnownFileType = folder.assetcatalog; path = Assets.xcassets; sourceTree = "<group>"; };
		CB93492224B5D6A1009A9521 /* Base */ = {isa = PBXFileReference; lastKnownFileType = file.storyboard; name = Base; path = Base.lproj/LaunchScreen.storyboard; sourceTree = "<group>"; };
		CB93492424B5D6A1009A9521 /* Info.plist */ = {isa = PBXFileReference; lastKnownFileType = text.plist.xml; path = Info.plist; sourceTree = "<group>"; };
		CB93492A24B5D6B7009A9521 /* Greatview.swift */ = {isa = PBXFileReference; lastKnownFileType = sourcecode.swift; path = Greatview.swift; sourceTree = "<group>"; };
/* End PBXFileReference section */

/* Begin PBXFrameworksBuildPhase section */
		CB93491024B5D69F009A9521 /* Frameworks */ = {
			isa = PBXFrameworksBuildPhase;
			buildActionMask = 2147483647;
			files = (
			);
			runOnlyForDeploymentPostprocessing = 0;
		};
/* End PBXFrameworksBuildPhase section */

/* Begin PBXGroup section */
		CB93490A24B5D69F009A9521 = {
			isa = PBXGroup;
			children = (
				CB93491524B5D69F009A9521 /* Greatview */,
				CB93491424B5D69F009A9521 /* Products */,
			);
			sourceTree = "<group>";
		};
		CB93491424B5D69F009A9521 /* Products */ = {
			isa = PBXGroup;
			children = (
				CB93491324B5D69F009A9521 /* Greatview.app */,
			);
			name = Products;
			sourceTree = "<group>";
		};
		CB93491524B5D69F009A9521 /* Greatview */ = {
			isa = PBXGroup;
			children = (
				CB93491624B5D69F009A9521 /* AppDelegate.swift */,
				CB93491824B5D69F009A9521 /* SceneDelegate.swift */,
				CB93491A24B5D69F009A9521 /* ViewController.swift */,
				CB93492A24B5D6B7009A9521 /* Greatview.swift */,
				CB93491C24B5D69F009A9521 /* Main.storyboard */,
				CB93491F24B5D6A1009A9521 /* Assets.xcassets */,
				CB93492124B5D6A1009A9521 /* LaunchScreen.storyboard */,
				CB93492424B5D6A1009A9521 /* Info.plist */,
			);
			path = Greatview;
			sourceTree = "<group>";
		};
/* End PBXGroup section */

/* Begin PBXNativeTarget section */
		CB93491224B5D69F009A9521 /* Greatview */ = {
			isa = PBXNativeTarget;
			buildConfigurationList = CB93492724B5D6A1009A9521 /* Build configuration list for PBXNativeTarget "Greatview" */;
			buildPhases = (
				CB93490F24B5D69F009A9521 /* Sources */,
				CB93491024B5D69F009A9521 /* Frameworks */,
				CB93491124B5D69F009A9521 /* Resources */,
			);
			buildRules = (
			);
			dependencies = (
			);
			name = Greatview;
			productName = Greatview;
			productReference = CB93491324B5D69F009A9521 /* Greatview.app */;
			productType = "com.apple.product-type.application";
		};
/* End PBXNativeTarget section */

/* Begin PBXProject section */
		CB93490B24B5D69F009A9521 /* Project object */ = {
			isa = PBXProject;
			attributes = {
				LastSwiftUpdateCheck = 1150;
				LastUpgradeCheck = 1150;
				ORGANIZATIONNAME = "Andrey Maksimkin";
				TargetAttributes = {
					CB93491224B5D69F009A9521 = {
						CreatedOnToolsVersion = 11.5;
					};
				};
			};
			buildConfigurationList = CB93490E24B5D69F009A9521 /* Build configuration list for PBXProject "Greatview" */;
			compatibilityVersion = "Xcode 9.3";
			developmentRegion = en;
			hasScannedForEncodings = 0;
			knownRegions = (
				en,
				Base,
			);
			mainGroup = CB93490A24B5D69F009A9521;
			productRefGroup = CB93491424B5D69F009A9521 /* Products */;
			projectDirPath = "";
			projectRoot = "";
			targets = (
				CB93491224B5D69F009A9521 /* Greatview */,
			);
		};
/* End PBXProject section */

/* Begin PBXResourcesBuildPhase section */
		CB93491124B5D69F009A9521 /* Resources */ = {
			isa = PBXResourcesBuildPhase;
			buildActionMask = 2147483647;
			files = (
				CB93492324B5D6A1009A9521 /* LaunchScreen.storyboard in Resources */,
				CB93492024B5D6A1009A9521 /* Assets.xcassets in Resources */,
				CB93491E24B5D69F009A9521 /* Main.storyboard in Resources */,
			);
			runOnlyForDeploymentPostprocessing = 0;
		};
/* End PBXResourcesBuildPhase section */

/* Begin PBXSourcesBuildPhase section */
		CB93490F24B5D69F009A9521 /* Sources */ = {
			isa = PBXSourcesBuildPhase;
			buildActionMask = 2147483647;
			files = (
				CB93492B24B5D6B7009A9521 /* Greatview.swift in Sources */,
				CB93491B24B5D69F009A9521 /* ViewController.swift in Sources */,
				CB93491724B5D69F009A9521 /* AppDelegate.swift in Sources */,
				CB93491924B5D69F009A9521 /* SceneDelegate.swift in Sources */,
			);
			runOnlyForDeploymentPostprocessing = 0;
		};
/* End PBXSourcesBuildPhase section */

/* Begin PBXVariantGroup section */
		CB93491C24B5D69F009A9521 /* Main.storyboard */ = {
			isa = PBXVariantGroup;
			children = (
				CB93491D24B5D69F009A9521 /* Base */,
			);
			name = Main.storyboard;
			sourceTree = "<group>";
		};
		CB93492124B5D6A1009A9521 /* LaunchScreen.storyboard */ = {
			isa = PBXVariantGroup;
			children = (
				CB93492224B5D6A1009A9521 /* Base */,
			);
			name = LaunchScreen.storyboard;
			sourceTree = "<group>";
		};
/* End PBXVariantGroup section */

/* Begin XCBuildConfiguration section */
		CB93492524B5D6A1009A9521 /* Debug */ = {
			isa = XCBuildConfiguration;
			buildSettings = {
				ALWAYS_SEARCH_USER_PATHS = NO;
				CLANG_ANALYZER_NONNULL = YES;
				CLANG_ANALYZER_NUMBER_OBJECT_CONVERSION = YES_AGGRESSIVE;
				CLANG_CXX_LANGUAGE_STANDARD = "gnu++14";
				CLANG_CXX_LIBRARY = "libc++";
				CLANG_ENABLE_MODULES = YES;
				CLANG_ENABLE_OBJC_ARC = YES;
				CLANG_ENABLE_OBJC_WEAK = YES;
				CLANG_WARN_BLOCK_CAPTURE_AUTORELEASING = YES;
				CLANG_WARN_BOOL_CONVERSION = YES;
				CLANG_WARN_COMMA = YES;
				CLANG_WARN_CONSTANT_CONVERSION = YES;
				CLANG_WARN_DEPRECATED_OBJC_IMPLEMENTATIONS = YES;
				CLANG_WARN_DIRECT_OBJC_ISA_USAGE = YES_ERROR;
				CLANG_WARN_DOCUMENTATION_COMMENTS = YES;
				CLANG_WARN_EMPTY_BODY = YES;
				CLANG_WARN_ENUM_CONVERSION = YES;
				CLANG_WARN_INFINITE_RECURSION = YES;
				CLANG_WARN_INT_CONVERSION = YES;
				CLANG_WARN_NON_LITERAL_NULL_CONVERSION = YES;
				CLANG_WARN_OBJC_IMPLICIT_RETAIN_SELF = YES;
				CLANG_WARN_OBJC_LITERAL_CONVERSION = YES;
				CLANG_WARN_OBJC_ROOT_CLASS = YES_ERROR;
				CLANG_WARN_RANGE_LOOP_ANALYSIS = YES;
				CLANG_WARN_STRICT_PROTOTYPES = YES;
				CLANG_WARN_SUSPICIOUS_MOVE = YES;
				CLANG_WARN_UNGUARDED_AVAILABILITY = YES_AGGRESSIVE;
				CLANG_WARN_UNREACHABLE_CODE = YES;
				CLANG_WARN__DUPLICATE_METHOD_MATCH = YES;
				COPY_PHASE_STRIP = NO;
				DEBUG_INFORMATION_FORMAT = dwarf;
				ENABLE_STRICT_OBJC_MSGSEND = YES;
				ENABLE_TESTABILITY = YES;
				GCC_C_LANGUAGE_STANDARD = gnu11;
				GCC_DYNAMIC_NO_PIC = NO;
				GCC_NO_COMMON_BLOCKS = YES;
				GCC_OPTIMIZATION_LEVEL = 0;
				GCC_PREPROCESSOR_DEFINITIONS = (
					"DEBUG=1",
					"$(inherited)",
				);
				GCC_WARN_64_TO_32_BIT_CONVERSION = YES;
				GCC_WARN_ABOUT_RETURN_TYPE = YES_ERROR;
				GCC_WARN_UNDECLARED_SELECTOR = YES;
				GCC_WARN_UNINITIALIZED_AUTOS = YES_AGGRESSIVE;
				GCC_WARN_UNUSED_FUNCTION = YES;
				GCC_WARN_UNUSED_VARIABLE = YES;
				IPHONEOS_DEPLOYMENT_TARGET = 12.0;
				MTL_ENABLE_DEBUG_INFO = INCLUDE_SOURCE;
				MTL_FAST_MATH = YES;
				ONLY_ACTIVE_ARCH = YES;
				SDKROOT = iphoneos;
				SWIFT_ACTIVE_COMPILATION_CONDITIONS = DEBUG;
				SWIFT_OPTIMIZATION_LEVEL = "-Onone";
			};
			name = Debug;
		};
		CB93492624B5D6A1009A9521 /* Release */ = {
			isa = XCBuildConfiguration;
			buildSettings = {
				ALWAYS_SEARCH_USER_PATHS = NO;
				CLANG_ANALYZER_NONNULL = YES;
				CLANG_ANALYZER_NUMBER_OBJECT_CONVERSION = YES_AGGRESSIVE;
				CLANG_CXX_LANGUAGE_STANDARD = "gnu++14";
				CLANG_CXX_LIBRARY = "libc++";
				CLANG_ENABLE_MODULES = YES;
				CLANG_ENABLE_OBJC_ARC = YES;
				CLANG_ENABLE_OBJC_WEAK = YES;
				CLANG_WARN_BLOCK_CAPTURE_AUTORELEASING = YES;
				CLANG_WARN_BOOL_CONVERSION = YES;
				CLANG_WARN_COMMA = YES;
				CLANG_WARN_CONSTANT_CONVERSION = YES;
				CLANG_WARN_DEPRECATED_OBJC_IMPLEMENTATIONS = YES;
				CLANG_WARN_DIRECT_OBJC_ISA_USAGE = YES_ERROR;
				CLANG_WARN_DOCUMENTATION_COMMENTS = YES;
				CLANG_WARN_EMPTY_BODY = YES;
				CLANG_WARN_ENUM_CONVERSION = YES;
				CLANG_WARN_INFINITE_RECURSION = YES;
				CLANG_WARN_INT_CONVERSION = YES;
				CLANG_WARN_NON_LITERAL_NULL_CONVERSION = YES;
				CLANG_WARN_OBJC_IMPLICIT_RETAIN_SELF = YES;
				CLANG_WARN_OBJC_LITERAL_CONVERSION = YES;
				CLANG_WARN_OBJC_ROOT_CLASS = YES_ERROR;
				CLANG_WARN_RANGE_LOOP_ANALYSIS = YES;
				CLANG_WARN_STRICT_PROTOTYPES = YES;
				CLANG_WARN_SUSPICIOUS_MOVE = YES;
				CLANG_WARN_UNGUARDED_AVAILABILITY = YES_AGGRESSIVE;
				CLANG_WARN_UNREACHABLE_CODE = YES;
				CLANG_WARN__DUPLICATE_METHOD_MATCH = YES;
				COPY_PHASE_STRIP = NO;
				DEBUG_INFORMATION_FORMAT = "dwarf-with-dsym";
				ENABLE_NS_ASSERTIONS = NO;
				ENABLE_STRICT_OBJC_MSGSEND = YES;
				GCC_C_LANGUAGE_STANDARD = gnu11;
				GCC_NO_COMMON_BLOCKS = YES;
				GCC_WARN_64_TO_32_BIT_CONVERSION = YES;
				GCC_WARN_ABOUT_RETURN_TYPE = YES_ERROR;
				GCC_WARN_UNDECLARED_SELECTOR = YES;
				GCC_WARN_UNINITIALIZED_AUTOS = YES_AGGRESSIVE;
				GCC_WARN_UNUSED_FUNCTION = YES;
				GCC_WARN_UNUSED_VARIABLE = YES;
				IPHONEOS_DEPLOYMENT_TARGET = 12.0;
				MTL_ENABLE_DEBUG_INFO = NO;
				MTL_FAST_MATH = YES;
				SDKROOT = iphoneos;
				SWIFT_COMPILATION_MODE = wholemodule;
				SWIFT_OPTIMIZATION_LEVEL = "-O";
				VALIDATE_PRODUCT = YES;
			};
			name = Release;
		};
		CB93492824B5D6A1009A9521 /* Debug */ = {
			isa = XCBuildConfiguration;
			buildSettings = {
				ASSETCATALOG_COMPILER_APPICON_NAME = AppIcon;
				CODE_SIGN_STYLE = Automatic;
				INFOPLIST_FILE = Greatview/Info.plist;
				LD_RUNPATH_SEARCH_PATHS = (
					"$(inherited)",
					"@executable_path/Frameworks",
				);
				MARKETING_VERSION = 1.1;
				PRODUCT_BUNDLE_IDENTIFIER = xone.test.Greatview;
				PRODUCT_NAME = "$(TARGET_NAME)";
				SWIFT_VERSION = 5.0;
				TARGETED_DEVICE_FAMILY = "1,2";
			};
			name = Debug;
		};
		CB93492924B5D6A1009A9521 /* Release */ = {
			isa = XCBuildConfiguration;
			buildSettings = {
				ASSETCATALOG_COMPILER_APPICON_NAME = AppIcon;
				CODE_SIGN_STYLE = Automatic;
				INFOPLIST_FILE = Greatview/Info.plist;
				LD_RUNPATH_SEARCH_PATHS = (
					"$(inherited)",
					"@executable_path/Frameworks",
				);
				MARKETING_VERSION = 1.1;
				PRODUCT_BUNDLE_IDENTIFIER = xone.test.Greatview;
				PRODUCT_NAME = "$(TARGET_NAME)";
				SWIFT_VERSION = 5.0;
				TARGETED_DEVICE_FAMILY = "1,2";
			};
			name = Release;
		};
/* End XCBuildConfiguration section */

/* Begin XCConfigurationList section */
		CB93490E24B5D69F009A9521 /* Build configuration list for PBXProject "Greatview" */ = {
			isa = XCConfigurationList;
			buildConfigurations = (
				CB93492524B5D6A1009A9521 /* Debug */,
				CB93492624B5D6A1009A9521 /* Release */,
			);
			defaultConfigurationIsVisible = 0;
			defaultConfigurationName = Release;
		};
		CB93492724B5D6A1009A9521 /* Build configuration list for PBXNativeTarget "Greatview" */ = {
			isa = XCConfigurationList;
			buildConfigurations = (
				CB93492824B5D6A1009A9521 /* Debug */,
				CB93492924B5D6A1009A9521 /* Release */,
			);
			defaultConfigurationIsVisible = 0;
			defaultConfigurationName = Release;
		};
/* End XCConfigurationList section */
	};
	rootObject = CB93490B24B5D69F009A9521 /* Project object */;
}
